// !$*UTF8*$!
{
	archiveVersion = 1;
	classes = {
	};
	objectVersion = 46;
	objects = {

/* Begin PBXBuildFile section */
		9467554C1DEA9FE50012CDC2 /* main.m in Sources */ = {isa = PBXBuildFile; fileRef = 9467554B1DEA9FE50012CDC2 /* main.m */; };
		9467554F1DEA9FE50012CDC2 /* AppDelegate.m in Sources */ = {isa = PBXBuildFile; fileRef = 9467554E1DEA9FE50012CDC2 /* AppDelegate.m */; };
		946755511DEA9FE50012CDC2 /* Assets.xcassets in Resources */ = {isa = PBXBuildFile; fileRef = 946755501DEA9FE50012CDC2 /* Assets.xcassets */; };
		946755541DEA9FE50012CDC2 /* LaunchScreen.storyboard in Resources */ = {isa = PBXBuildFile; fileRef = 946755521DEA9FE50012CDC2 /* LaunchScreen.storyboard */; };
		9467555F1DEA9FE50012CDC2 /* WYTestTests.m in Sources */ = {isa = PBXBuildFile; fileRef = 9467555E1DEA9FE50012CDC2 /* WYTestTests.m */; };
		9467556A1DEA9FE50012CDC2 /* WYTestUITests.m in Sources */ = {isa = PBXBuildFile; fileRef = 946755691DEA9FE50012CDC2 /* WYTestUITests.m */; };
/* End PBXBuildFile section */

/* Begin PBXContainerItemProxy section */
		9467555B1DEA9FE50012CDC2 /* PBXContainerItemProxy */ = {
			isa = PBXContainerItemProxy;
			containerPortal = 9467553F1DEA9FE50012CDC2 /* Project object */;
			proxyType = 1;
			remoteGlobalIDString = 946755461DEA9FE50012CDC2;
			remoteInfo = WYTest;
		};
		946755661DEA9FE50012CDC2 /* PBXContainerItemProxy */ = {
			isa = PBXContainerItemProxy;
			containerPortal = 9467553F1DEA9FE50012CDC2 /* Project object */;
			proxyType = 1;
			remoteGlobalIDString = 946755461DEA9FE50012CDC2;
			remoteInfo = WYTest;
		};
/* End PBXContainerItemProxy section */

/* Begin PBXFileReference section */
		946755471DEA9FE50012CDC2 /* WYTest.app */ = {isa = PBXFileReference; explicitFileType = wrapper.application; includeInIndex = 0; path = WYTest.app; sourceTree = BUILT_PRODUCTS_DIR; };
		9467554B1DEA9FE50012CDC2 /* main.m */ = {isa = PBXFileReference; lastKnownFileType = sourcecode.c.objc; path = main.m; sourceTree = "<group>"; };
		9467554D1DEA9FE50012CDC2 /* AppDelegate.h */ = {isa = PBXFileReference; lastKnownFileType = sourcecode.c.h; path = AppDelegate.h; sourceTree = "<group>"; };
		9467554E1DEA9FE50012CDC2 /* AppDelegate.m */ = {isa = PBXFileReference; lastKnownFileType = sourcecode.c.objc; path = AppDelegate.m; sourceTree = "<group>"; };
		946755501DEA9FE50012CDC2 /* Assets.xcassets */ = {isa = PBXFileReference; lastKnownFileType = folder.assetcatalog; path = Assets.xcassets; sourceTree = "<group>"; };
		946755531DEA9FE50012CDC2 /* Base */ = {isa = PBXFileReference; lastKnownFileType = file.storyboard; name = Base; path = Base.lproj/LaunchScreen.storyboard; sourceTree = "<group>"; };
		946755551DEA9FE50012CDC2 /* Info.plist */ = {isa = PBXFileReference; lastKnownFileType = text.plist.xml; path = Info.plist; sourceTree = "<group>"; };
		9467555A1DEA9FE50012CDC2 /* WYTestTests.xctest */ = {isa = PBXFileReference; explicitFileType = wrapper.cfbundle; includeInIndex = 0; path = WYTestTests.xctest; sourceTree = BUILT_PRODUCTS_DIR; };
		9467555E1DEA9FE50012CDC2 /* WYTestTests.m */ = {isa = PBXFileReference; lastKnownFileType = sourcecode.c.objc; path = WYTestTests.m; sourceTree = "<group>"; };
		946755601DEA9FE50012CDC2 /* Info.plist */ = {isa = PBXFileReference; lastKnownFileType = text.plist.xml; path = Info.plist; sourceTree = "<group>"; };
		946755651DEA9FE50012CDC2 /* WYTestUITests.xctest */ = {isa = PBXFileReference; explicitFileType = wrapper.cfbundle; includeInIndex = 0; path = WYTestUITests.xctest; sourceTree = BUILT_PRODUCTS_DIR; };
		946755691DEA9FE50012CDC2 /* WYTestUITests.m */ = {isa = PBXFileReference; lastKnownFileType = sourcecode.c.objc; path = WYTestUITests.m; sourceTree = "<group>"; };
		9467556B1DEA9FE50012CDC2 /* Info.plist */ = {isa = PBXFileReference; lastKnownFileType = text.plist.xml; path = Info.plist; sourceTree = "<group>"; };
/* End PBXFileReference section */

/* Begin PBXFrameworksBuildPhase section */
		946755441DEA9FE50012CDC2 /* Frameworks */ = {
			isa = PBXFrameworksBuildPhase;
			buildActionMask = 2147483647;
			files = (
			);
			runOnlyForDeploymentPostprocessing = 0;
		};
		946755571DEA9FE50012CDC2 /* Frameworks */ = {
			isa = PBXFrameworksBuildPhase;
			buildActionMask = 2147483647;
			files = (
			);
			runOnlyForDeploymentPostprocessing = 0;
		};
		946755621DEA9FE50012CDC2 /* Frameworks */ = {
			isa = PBXFrameworksBuildPhase;
			buildActionMask = 2147483647;
			files = (
			);
			runOnlyForDeploymentPostprocessing = 0;
		};
/* End PBXFrameworksBuildPhase section */

/* Begin PBXGroup section */
		9467553E1DEA9FE50012CDC2 = {
			isa = PBXGroup;
			children = (
				946755491DEA9FE50012CDC2 /* WYTest */,
				9467555D1DEA9FE50012CDC2 /* WYTestTests */,
				946755681DEA9FE50012CDC2 /* WYTestUITests */,
				946755481DEA9FE50012CDC2 /* Products */,
			);
			sourceTree = "<group>";
		};
		946755481DEA9FE50012CDC2 /* Products */ = {
			isa = PBXGroup;
			children = (
				946755471DEA9FE50012CDC2 /* WYTest.app */,
				9467555A1DEA9FE50012CDC2 /* WYTestTests.xctest */,
				946755651DEA9FE50012CDC2 /* WYTestUITests.xctest */,
			);
			name = Products;
			sourceTree = "<group>";
		};
		946755491DEA9FE50012CDC2 /* WYTest */ = {
			isa = PBXGroup;
			children = (
				9467554D1DEA9FE50012CDC2 /* AppDelegate.h */,
				9467554E1DEA9FE50012CDC2 /* AppDelegate.m */,
				946755501DEA9FE50012CDC2 /* Assets.xcassets */,
				946755521DEA9FE50012CDC2 /* LaunchScreen.storyboard */,
				946755551DEA9FE50012CDC2 /* Info.plist */,
				9467554A1DEA9FE50012CDC2 /* Supporting Files */,
			);
			path = WYTest;
			sourceTree = "<group>";
		};
		9467554A1DEA9FE50012CDC2 /* Supporting Files */ = {
			isa = PBXGroup;
			children = (
				9467554B1DEA9FE50012CDC2 /* main.m */,
			);
			name = "Supporting Files";
			sourceTree = "<group>";
		};
		9467555D1DEA9FE50012CDC2 /* WYTestTests */ = {
			isa = PBXGroup;
			children = (
				9467555E1DEA9FE50012CDC2 /* WYTestTests.m */,
				946755601DEA9FE50012CDC2 /* Info.plist */,
			);
			path = WYTestTests;
			sourceTree = "<group>";
		};
		946755681DEA9FE50012CDC2 /* WYTestUITests */ = {
			isa = PBXGroup;
			children = (
				946755691DEA9FE50012CDC2 /* WYTestUITests.m */,
				9467556B1DEA9FE50012CDC2 /* Info.plist */,
			);
			path = WYTestUITests;
			sourceTree = "<group>";
		};
/* End PBXGroup section */

/* Begin PBXNativeTarget section */
		946755461DEA9FE50012CDC2 /* WYTest */ = {
			isa = PBXNativeTarget;
			buildConfigurationList = 9467556E1DEA9FE50012CDC2 /* Build configuration list for PBXNativeTarget "WYTest" */;
			buildPhases = (
				946755431DEA9FE50012CDC2 /* Sources */,
				946755441DEA9FE50012CDC2 /* Frameworks */,
				946755451DEA9FE50012CDC2 /* Resources */,
			);
			buildRules = (
			);
			dependencies = (
			);
			name = WYTest;
			productName = WYTest;
			productReference = 946755471DEA9FE50012CDC2 /* WYTest.app */;
			productType = "com.apple.product-type.application";
		};
		946755591DEA9FE50012CDC2 /* WYTestTests */ = {
			isa = PBXNativeTarget;
			buildConfigurationList = 946755711DEA9FE50012CDC2 /* Build configuration list for PBXNativeTarget "WYTestTests" */;
			buildPhases = (
				946755561DEA9FE50012CDC2 /* Sources */,
				946755571DEA9FE50012CDC2 /* Frameworks */,
				946755581DEA9FE50012CDC2 /* Resources */,
			);
			buildRules = (
			);
			dependencies = (
				9467555C1DEA9FE50012CDC2 /* PBXTargetDependency */,
			);
			name = WYTestTests;
			productName = WYTestTests;
			productReference = 9467555A1DEA9FE50012CDC2 /* WYTestTests.xctest */;
			productType = "com.apple.product-type.bundle.unit-test";
		};
		946755641DEA9FE50012CDC2 /* WYTestUITests */ = {
			isa = PBXNativeTarget;
			buildConfigurationList = 946755741DEA9FE50012CDC2 /* Build configuration list for PBXNativeTarget "WYTestUITests" */;
			buildPhases = (
				946755611DEA9FE50012CDC2 /* Sources */,
				946755621DEA9FE50012CDC2 /* Frameworks */,
				946755631DEA9FE50012CDC2 /* Resources */,
			);
			buildRules = (
			);
			dependencies = (
				946755671DEA9FE50012CDC2 /* PBXTargetDependency */,
			);
			name = WYTestUITests;
			productName = WYTestUITests;
			productReference = 946755651DEA9FE50012CDC2 /* WYTestUITests.xctest */;
			productType = "com.apple.product-type.bundle.ui-testing";
		};
/* End PBXNativeTarget section */

/* Begin PBXProject section */
		9467553F1DEA9FE50012CDC2 /* Project object */ = {
			isa = PBXProject;
			attributes = {
				LastUpgradeCheck = 0810;
				ORGANIZATIONNAME = DN;
				TargetAttributes = {
					946755461DEA9FE50012CDC2 = {
						CreatedOnToolsVersion = 8.1;
						DevelopmentTeam = YT2772VPC5;
						ProvisioningStyle = Automatic;
					};
					946755591DEA9FE50012CDC2 = {
						CreatedOnToolsVersion = 8.1;
						DevelopmentTeam = YT2772VPC5;
						ProvisioningStyle = Automatic;
						TestTargetID = 946755461DEA9FE50012CDC2;
					};
					946755641DEA9FE50012CDC2 = {
						CreatedOnToolsVersion = 8.1;
						DevelopmentTeam = YT2772VPC5;
						ProvisioningStyle = Automatic;
						TestTargetID = 946755461DEA9FE50012CDC2;
					};
				};
			};
			buildConfigurationList = 946755421DEA9FE50012CDC2 /* Build configuration list for PBXProject "WYTest" */;
			compatibilityVersion = "Xcode 3.2";
			developmentRegion = English;
			hasScannedForEncodings = 0;
			knownRegions = (
				en,
				Base,
			);
			mainGroup = 9467553E1DEA9FE50012CDC2;
			productRefGroup = 946755481DEA9FE50012CDC2 /* Products */;
			projectDirPath = "";
			projectRoot = "";
			targets = (
				946755461DEA9FE50012CDC2 /* WYTest */,
				946755591DEA9FE50012CDC2 /* WYTestTests */,
				946755641DEA9FE50012CDC2 /* WYTestUITests */,
			);
		};
/* End PBXProject section */

/* Begin PBXResourcesBuildPhase section */
		946755451DEA9FE50012CDC2 /* Resources */ = {
			isa = PBXResourcesBuildPhase;
			buildActionMask = 2147483647;
			files = (
				946755511DEA9FE50012CDC2 /* Assets.xcassets in Resources */,
				946755541DEA9FE50012CDC2 /* LaunchScreen.storyboard in Resources */,
			);
			runOnlyForDeploymentPostprocessing = 0;
		};
		946755581DEA9FE50012CDC2 /* Resources */ = {
			isa = PBXResourcesBuildPhase;
			buildActionMask = 2147483647;
			files = (
			);
			runOnlyForDeploymentPostprocessing = 0;
		};
		946755631DEA9FE50012CDC2 /* Resources */ = {
			isa = PBXResourcesBuildPhase;
			buildActionMask = 2147483647;
			files = (
			);
			runOnlyForDeploymentPostprocessing = 0;
		};
/* End PBXResourcesBuildPhase section */

/* Begin PBXSourcesBuildPhase section */
		946755431DEA9FE50012CDC2 /* Sources */ = {
			isa = PBXSourcesBuildPhase;
			buildActionMask = 2147483647;
			files = (
				9467554F1DEA9FE50012CDC2 /* AppDelegate.m in Sources */,
				9467554C1DEA9FE50012CDC2 /* main.m in Sources */,
			);
			runOnlyForDeploymentPostprocessing = 0;
		};
		946755561DEA9FE50012CDC2 /* Sources */ = {
			isa = PBXSourcesBuildPhase;
			buildActionMask = 2147483647;
			files = (
				9467555F1DEA9FE50012CDC2 /* WYTestTests.m in Sources */,
			);
			runOnlyForDeploymentPostprocessing = 0;
		};
		946755611DEA9FE50012CDC2 /* Sources */ = {
			isa = PBXSourcesBuildPhase;
			buildActionMask = 2147483647;
			files = (
				9467556A1DEA9FE50012CDC2 /* WYTestUITests.m in Sources */,
			);
			runOnlyForDeploymentPostprocessing = 0;
		};
/* End PBXSourcesBuildPhase section */

/* Begin PBXTargetDependency section */
		9467555C1DEA9FE50012CDC2 /* PBXTargetDependency */ = {
			isa = PBXTargetDependency;
			target = 946755461DEA9FE50012CDC2 /* WYTest */;
			targetProxy = 9467555B1DEA9FE50012CDC2 /* PBXContainerItemProxy */;
		};
		946755671DEA9FE50012CDC2 /* PBXTargetDependency */ = {
			isa = PBXTargetDependency;
			target = 946755461DEA9FE50012CDC2 /* WYTest */;
			targetProxy = 946755661DEA9FE50012CDC2 /* PBXContainerItemProxy */;
		};
/* End PBXTargetDependency section */

/* Begin PBXVariantGroup section */
		946755521DEA9FE50012CDC2 /* LaunchScreen.storyboard */ = {
			isa = PBXVariantGroup;
			children = (
				946755531DEA9FE50012CDC2 /* Base */,
			);
			name = LaunchScreen.storyboard;
			sourceTree = "<group>";
		};
/* End PBXVariantGroup section */

/* Begin XCBuildConfiguration section */
		9467556C1DEA9FE50012CDC2 /* Debug */ = {
			isa = XCBuildConfiguration;
			buildSettings = {
				ALWAYS_SEARCH_USER_PATHS = NO;
				CLANG_ANALYZER_NONNULL = YES;
				CLANG_CXX_LANGUAGE_STANDARD = "gnu++0x";
				CLANG_CXX_LIBRARY = "libc++";
				CLANG_ENABLE_MODULES = YES;
				CLANG_ENABLE_OBJC_ARC = YES;
				CLANG_WARN_BOOL_CONVERSION = YES;
				CLANG_WARN_CONSTANT_CONVERSION = YES;
				CLANG_WARN_DIRECT_OBJC_ISA_USAGE = YES_ERROR;
				CLANG_WARN_DOCUMENTATION_COMMENTS = YES;
				CLANG_WARN_EMPTY_BODY = YES;
				CLANG_WARN_ENUM_CONVERSION = YES;
				CLANG_WARN_INFINITE_RECURSION = YES;
				CLANG_WARN_INT_CONVERSION = YES;
				CLANG_WARN_OBJC_ROOT_CLASS = YES_ERROR;
				CLANG_WARN_SUSPICIOUS_MOVES = YES;
				CLANG_WARN_UNREACHABLE_CODE = YES;
				CLANG_WARN__DUPLICATE_METHOD_MATCH = YES;
				"CODE_SIGN_IDENTITY[sdk=iphoneos*]" = "iPhone Developer";
				COPY_PHASE_STRIP = NO;
				DEBUG_INFORMATION_FORMAT = dwarf;
				ENABLE_STRICT_OBJC_MSGSEND = YES;
				ENABLE_TESTABILITY = YES;
				GCC_C_LANGUAGE_STANDARD = gnu99;
				GCC_DYNAMIC_NO_PIC = NO;
				GCC_NO_COMMON_BLOCKS = YES;
				GCC_OPTIMIZATION_LEVEL = 0;
				GCC_PREPROCESSOR_DEFINITIONS = (
					"DEBUG=1",
					"$(inherited)",
				);
				GCC_WARN_64_TO_32_BIT_CONVERSION = YES;
				GCC_WARN_ABOUT_RETURN_TYPE = YES_ERROR;
				GCC_WARN_UNDECLARED_SELECTOR = YES;
				GCC_WARN_UNINITIALIZED_AUTOS = YES_AGGRESSIVE;
				GCC_WARN_UNUSED_FUNCTION = YES;
				GCC_WARN_UNUSED_VARIABLE = YES;
				IPHONEOS_DEPLOYMENT_TARGET = 10.1;
				MTL_ENABLE_DEBUG_INFO = YES;
				ONLY_ACTIVE_ARCH = YES;
				SDKROOT = iphoneos;
			};
			name = Debug;
		};
		9467556D1DEA9FE50012CDC2 /* Release */ = {
			isa = XCBuildConfiguration;
			buildSettings = {
				ALWAYS_SEARCH_USER_PATHS = NO;
				CLANG_ANALYZER_NONNULL = YES;
				CLANG_CXX_LANGUAGE_STANDARD = "gnu++0x";
				CLANG_CXX_LIBRARY = "libc++";
				CLANG_ENABLE_MODULES = YES;
				CLANG_ENABLE_OBJC_ARC = YES;
				CLANG_WARN_BOOL_CONVERSION = YES;
				CLANG_WARN_CONSTANT_CONVERSION = YES;
				CLANG_WARN_DIRECT_OBJC_ISA_USAGE = YES_ERROR;
				CLANG_WARN_DOCUMENTATION_COMMENTS = YES;
				CLANG_WARN_EMPTY_BODY = YES;
				CLANG_WARN_ENUM_CONVERSION = YES;
				CLANG_WARN_INFINITE_RECURSION = YES;
				CLANG_WARN_INT_CONVERSION = YES;
				CLANG_WARN_OBJC_ROOT_CLASS = YES_ERROR;
				CLANG_WARN_SUSPICIOUS_MOVES = YES;
				CLANG_WARN_UNREACHABLE_CODE = YES;
				CLANG_WARN__DUPLICATE_METHOD_MATCH = YES;
				"CODE_SIGN_IDENTITY[sdk=iphoneos*]" = "iPhone Developer";
				COPY_PHASE_STRIP = NO;
				DEBUG_INFORMATION_FORMAT = "dwarf-with-dsym";
				ENABLE_NS_ASSERTIONS = NO;
				ENABLE_STRICT_OBJC_MSGSEND = YES;
				GCC_C_LANGUAGE_STANDARD = gnu99;
				GCC_NO_COMMON_BLOCKS = YES;
				GCC_WARN_64_TO_32_BIT_CONVERSION = YES;
				GCC_WARN_ABOUT_RETURN_TYPE = YES_ERROR;
				GCC_WARN_UNDECLARED_SELECTOR = YES;
				GCC_WARN_UNINITIALIZED_AUTOS = YES_AGGRESSIVE;
				GCC_WARN_UNUSED_FUNCTION = YES;
				GCC_WARN_UNUSED_VARIABLE = YES;
				IPHONEOS_DEPLOYMENT_TARGET = 10.1;
				MTL_ENABLE_DEBUG_INFO = NO;
				SDKROOT = iphoneos;
				VALIDATE_PRODUCT = YES;
			};
			name = Release;
		};
		9467556F1DEA9FE50012CDC2 /* Debug */ = {
			isa = XCBuildConfiguration;
			buildSettings = {
				ASSETCATALOG_COMPILER_APPICON_NAME = AppIcon;
				DEVELOPMENT_TEAM = YT2772VPC5;
				INFOPLIST_FILE = WYTest/Info.plist;
				LD_RUNPATH_SEARCH_PATHS = "$(inherited) @executable_path/Frameworks";
				PRODUCT_BUNDLE_IDENTIFIER = com.DateNight.WYTest;
				PRODUCT_NAME = "$(TARGET_NAME)";
			};
			name = Debug;
		};
		946755701DEA9FE50012CDC2 /* Release */ = {
			isa = XCBuildConfiguration;
			buildSettings = {
				ASSETCATALOG_COMPILER_APPICON_NAME = AppIcon;
				DEVELOPMENT_TEAM = YT2772VPC5;
				INFOPLIST_FILE = WYTest/Info.plist;
				LD_RUNPATH_SEARCH_PATHS = "$(inherited) @executable_path/Frameworks";
				PRODUCT_BUNDLE_IDENTIFIER = com.DateNight.WYTest;
				PRODUCT_NAME = "$(TARGET_NAME)";
			};
			name = Release;
		};
		946755721DEA9FE50012CDC2 /* Debug */ = {
			isa = XCBuildConfiguration;
			buildSettings = {
				BUNDLE_LOADER = "$(TEST_HOST)";
				DEVELOPMENT_TEAM = YT2772VPC5;
				INFOPLIST_FILE = WYTestTests/Info.plist;
				LD_RUNPATH_SEARCH_PATHS = "$(inherited) @executable_path/Frameworks @loader_path/Frameworks";
				PRODUCT_BUNDLE_IDENTIFIER = com.DateNight.WYTestTests;
				PRODUCT_NAME = "$(TARGET_NAME)";
				TEST_HOST = "$(BUILT_PRODUCTS_DIR)/WYTest.app/WYTest";
			};
			name = Debug;
		};
		946755731DEA9FE50012CDC2 /* Release */ = {
			isa = XCBuildConfiguration;
			buildSettings = {
				BUNDLE_LOADER = "$(TEST_HOST)";
				DEVELOPMENT_TEAM = YT2772VPC5;
				INFOPLIST_FILE = WYTestTests/Info.plist;
				LD_RUNPATH_SEARCH_PATHS = "$(inherited) @executable_path/Frameworks @loader_path/Frameworks";
				PRODUCT_BUNDLE_IDENTIFIER = com.DateNight.WYTestTests;
				PRODUCT_NAME = "$(TARGET_NAME)";
				TEST_HOST = "$(BUILT_PRODUCTS_DIR)/WYTest.app/WYTest";
			};
			name = Release;
		};
		946755751DEA9FE50012CDC2 /* Debug */ = {
			isa = XCBuildConfiguration;
			buildSettings = {
				DEVELOPMENT_TEAM = YT2772VPC5;
				INFOPLIST_FILE = WYTestUITests/Info.plist;
				LD_RUNPATH_SEARCH_PATHS = "$(inherited) @executable_path/Frameworks @loader_path/Frameworks";
				PRODUCT_BUNDLE_IDENTIFIER = com.DateNight.WYTestUITests;
				PRODUCT_NAME = "$(TARGET_NAME)";
				TEST_TARGET_NAME = WYTest;
			};
			name = Debug;
		};
		946755761DEA9FE50012CDC2 /* Release */ = {
			isa = XCBuildConfiguration;
			buildSettings = {
				DEVELOPMENT_TEAM = YT2772VPC5;
				INFOPLIST_FILE = WYTestUITests/Info.plist;
				LD_RUNPATH_SEARCH_PATHS = "$(inherited) @executable_path/Frameworks @loader_path/Frameworks";
				PRODUCT_BUNDLE_IDENTIFIER = com.DateNight.WYTestUITests;
				PRODUCT_NAME = "$(TARGET_NAME)";
				TEST_TARGET_NAME = WYTest;
			};
			name = Release;
		};
/* End XCBuildConfiguration section */

/* Begin XCConfigurationList section */
		946755421DEA9FE50012CDC2 /* Build configuration list for PBXProject "WYTest" */ = {
			isa = XCConfigurationList;
			buildConfigurations = (
				9467556C1DEA9FE50012CDC2 /* Debug */,
				9467556D1DEA9FE50012CDC2 /* Release */,
			);
			defaultConfigurationIsVisible = 0;
			defaultConfigurationName = Release;
		};
		9467556E1DEA9FE50012CDC2 /* Build configuration list for PBXNativeTarget "WYTest" */ = {
			isa = XCConfigurationList;
			buildConfigurations = (
				9467556F1DEA9FE50012CDC2 /* Debug */,
				946755701DEA9FE50012CDC2 /* Release */,
			);
			defaultConfigurationIsVisible = 0;
		};
		946755711DEA9FE50012CDC2 /* Build configuration list for PBXNativeTarget "WYTestTests" */ = {
			isa = XCConfigurationList;
			buildConfigurations = (
				946755721DEA9FE50012CDC2 /* Debug */,
				946755731DEA9FE50012CDC2 /* Release */,
			);
			defaultConfigurationIsVisible = 0;
		};
		946755741DEA9FE50012CDC2 /* Build configuration list for PBXNativeTarget "WYTestUITests" */ = {
			isa = XCConfigurationList;
			buildConfigurations = (
				946755751DEA9FE50012CDC2 /* Debug */,
				946755761DEA9FE50012CDC2 /* Release */,
			);
			defaultConfigurationIsVisible = 0;
		};
/* End XCConfigurationList section */
	};
	rootObject = 9467553F1DEA9FE50012CDC2 /* Project object */;
}
